
Microsoft Visual Studio Solution File, Format Version 12.00
# Visual Studio Version 17
VisualStudioVersion = 17.3.32929.385
MinimumVisualStudioVersion = 10.0.40219.1
Project("{FAE04EC0-301F-11D3-BF4B-00C04F79EFBC}") = "Stock_MVC", "Stock_MVC\Stock_MVC.csproj", "{CA3E5F9D-DFFF-4936-A2F9-E64B0F8B4FD9}"
EndProject
Global
	GlobalSection(SolutionConfigurationPlatforms) = preSolution
		Debug|Any CPU = Debug|Any CPU
		Release|Any CPU = Release|Any CPU
	EndGlobalSection
	GlobalSection(ProjectConfigurationPlatforms) = postSolution
		{CA3E5F9D-DFFF-4936-A2F9-E64B0F8B4FD9}.Debug|Any CPU.ActiveCfg = Debug|Any CPU
		{CA3E5F9D-DFFF-4936-A2F9-E64B0F8B4FD9}.Debug|Any CPU.Build.0 = Debug|Any CPU
		{CA3E5F9D-DFFF-4936-A2F9-E64B0F8B4FD9}.Release|Any CPU.ActiveCfg = Release|Any CPU
		{CA3E5F9D-DFFF-4936-A2F9-E64B0F8B4FD9}.Release|Any CPU.Build.0 = Release|Any CPU
	EndGlobalSection
	GlobalSection(SolutionProperties) = preSolution
		HideSolutionNode = FALSE
	EndGlobalSection
	GlobalSection(ExtensibilityGlobals) = postSolution
		SolutionGuid = {265D559A-0954-400D-B0DA-02F4878A530A}
	EndGlobalSection
EndGlobal
